
Microsoft Visual Studio Solution File, Format Version 12.00
# Visual Studio 15
VisualStudioVersion = 15.0.27130.2036
MinimumVisualStudioVersion = 10.0.40219.1
Project("{FAE04EC0-301F-11D3-BF4B-00C04F79EFBC}") = "Gummigrossisten", "Gummigrossisten\Gummigrossisten.csproj", "{10206B86-C3A0-4F2A-A07B-BA8F9BDBCDED}"
EndProject
Global
	GlobalSection(SolutionConfigurationPlatforms) = preSolution
		Debug|Any CPU = Debug|Any CPU
		Release|Any CPU = Release|Any CPU
	EndGlobalSection
	GlobalSection(ProjectConfigurationPlatforms) = postSolution
		{10206B86-C3A0-4F2A-A07B-BA8F9BDBCDED}.Debug|Any CPU.ActiveCfg = Debug|Any CPU
		{10206B86-C3A0-4F2A-A07B-BA8F9BDBCDED}.Debug|Any CPU.Build.0 = Debug|Any CPU
		{10206B86-C3A0-4F2A-A07B-BA8F9BDBCDED}.Release|Any CPU.ActiveCfg = Release|Any CPU
		{10206B86-C3A0-4F2A-A07B-BA8F9BDBCDED}.Release|Any CPU.Build.0 = Release|Any CPU
	EndGlobalSection
	GlobalSection(SolutionProperties) = preSolution
		HideSolutionNode = FALSE
	EndGlobalSection
	GlobalSection(ExtensibilityGlobals) = postSolution
		SolutionGuid = {EFF7E263-4723-4353-AD27-7E392A4821B3}
	EndGlobalSection
EndGlobal
